
Microsoft Visual Studio Solution File, Format Version 12.00
# Visual Studio Version 17
VisualStudioVersion = 17.7.34221.43
MinimumVisualStudioVersion = 10.0.40219.1
Project("{FAE04EC0-301F-11D3-BF4B-00C04F79EFBC}") = "Controle de Contas de Energia", "Controle de Contas de Energia.csproj", "{B96B5EB0-1282-41BE-8D76-5CAE3DC489CC}"
EndProject
Global
	GlobalSection(SolutionConfigurationPlatforms) = preSolution
		Debug|Any CPU = Debug|Any CPU
		Release|Any CPU = Release|Any CPU
	EndGlobalSection
	GlobalSection(ProjectConfigurationPlatforms) = postSolution
		{B96B5EB0-1282-41BE-8D76-5CAE3DC489CC}.Debug|Any CPU.ActiveCfg = Debug|Any CPU
		{B96B5EB0-1282-41BE-8D76-5CAE3DC489CC}.Debug|Any CPU.Build.0 = Debug|Any CPU
		{B96B5EB0-1282-41BE-8D76-5CAE3DC489CC}.Release|Any CPU.ActiveCfg = Release|Any CPU
		{B96B5EB0-1282-41BE-8D76-5CAE3DC489CC}.Release|Any CPU.Build.0 = Release|Any CPU
	EndGlobalSection
	GlobalSection(SolutionProperties) = preSolution
		HideSolutionNode = FALSE
	EndGlobalSection
	GlobalSection(ExtensibilityGlobals) = postSolution
		SolutionGuid = {F017FD4D-EE30-43BC-BFEE-860A00B44AE6}
	EndGlobalSection
EndGlobal
